# This file is automatically @generated by Poetry 1.7.1 and should not be changed by hand.

[[package]]
name = "graphviz"
version = "0.20.3"
description = "Simple Python interface for Graphviz"
optional = false
python-versions = ">=3.8"
files = [
    {file = "graphviz-0.20.3-py3-none-any.whl", hash = "sha256:81f848f2904515d8cd359cc611faba817598d2feaac4027b266aa3eda7b3dde5"},
    {file = "graphviz-0.20.3.zip", hash = "sha256:09d6bc81e6a9fa392e7ba52135a9d49f1ed62526f96499325930e87ca1b5925d"},
]

[package.extras]
dev = ["flake8", "pep8-naming", "tox (>=3)", "twine", "wheel"]
docs = ["sphinx (>=5,<7)", "sphinx-autodoc-typehints", "sphinx-rtd-theme"]
test = ["coverage", "pytest (>=7,<8.1)", "pytest-cov", "pytest-mock (>=3)"]

[[package]]
name = "tk"
version = "0.1.0"
description = "TensorKit is a deep learning helper between Python and C++."
optional = false
python-versions = "*"
files = [
    {file = "tk-0.1.0-py3-none-any.whl", hash = "sha256:703a69ff0d5ba2bd2f7440582ad10160e4a6561595d33457dc6caa79b9bf4930"},
    {file = "tk-0.1.0.tar.gz", hash = "sha256:60bc8923d5d35f67f5c6bd93d4f0c49d2048114ec077768f959aef36d4ed97f8"},
]

[metadata]
lock-version = "2.0"
python-versions = "^3.11"
content-hash = "1a3fa9937b1c43381ed9ead8cd26595d36caa79b1187869022dbe04d3f4b7b88"
